// !$*UTF8*$!
{
	archiveVersion = 1;
	classes = {
	};
	objectVersion = 46;
	objects = {

/* Begin PBXBuildFile section */
		9172FC091AC141BC002E5375 /* AppDelegate.m in Sources */ = {isa = PBXBuildFile; fileRef = 9172FC061AC141BC002E5375 /* AppDelegate.m */; };
		9172FC0A1AC141BC002E5375 /* ViewController.m in Sources */ = {isa = PBXBuildFile; fileRef = 9172FC081AC141BC002E5375 /* ViewController.m */; };
		9172FC191AC14305002E5375 /* mc_bottom@2x.png in Resources */ = {isa = PBXBuildFile; fileRef = 9172FC131AC14305002E5375 /* mc_bottom@2x.png */; };
		9172FC1A1AC14305002E5375 /* mc_down@2x.png in Resources */ = {isa = PBXBuildFile; fileRef = 9172FC141AC14305002E5375 /* mc_down@2x.png */; };
		9172FC1C1AC14305002E5375 /* mc_top@2x.png in Resources */ = {isa = PBXBuildFile; fileRef = 9172FC161AC14305002E5375 /* mc_top@2x.png */; };
		9172FC1D1AC14305002E5375 /* mc_up@2x.png in Resources */ = {isa = PBXBuildFile; fileRef = 9172FC171AC14305002E5375 /* mc_up@2x.png */; };
		9172FC201AC1435B002E5375 /* TACTableViewMenuController.m in Sources */ = {isa = PBXBuildFile; fileRef = 9172FC1F1AC1435B002E5375 /* TACTableViewMenuController.m */; };
		9172FC241AC152F3002E5375 /* TACTableView.m in Sources */ = {isa = PBXBuildFile; fileRef = 9172FC231AC152F3002E5375 /* TACTableView.m */; };
		9172FC271AC15306002E5375 /* TACTableViewCell.m in Sources */ = {isa = PBXBuildFile; fileRef = 9172FC261AC15306002E5375 /* TACTableViewCell.m */; };
		9172FC291AC157FF002E5375 /* mc_more@2x.png in Resources */ = {isa = PBXBuildFile; fileRef = 9172FC281AC157FF002E5375 /* mc_more@2x.png */; };
		91E2AE051AC14037009430E2 /* main.m in Sources */ = {isa = PBXBuildFile; fileRef = 91E2AE041AC14037009430E2 /* main.m */; };
		91E2AE0E1AC14037009430E2 /* Main.storyboard in Resources */ = {isa = PBXBuildFile; fileRef = 91E2AE0C1AC14037009430E2 /* Main.storyboard */; };
		91E2AE101AC14037009430E2 /* Images.xcassets in Resources */ = {isa = PBXBuildFile; fileRef = 91E2AE0F1AC14037009430E2 /* Images.xcassets */; };
		91E2AE131AC14037009430E2 /* LaunchScreen.xib in Resources */ = {isa = PBXBuildFile; fileRef = 91E2AE111AC14037009430E2 /* LaunchScreen.xib */; };
		91E2AE1F1AC14037009430E2 /* TACTableViewMenuControllerExampleTests.m in Sources */ = {isa = PBXBuildFile; fileRef = 91E2AE1E1AC14037009430E2 /* TACTableViewMenuControllerExampleTests.m */; };
/* End PBXBuildFile section */

/* Begin PBXContainerItemProxy section */
		91E2AE191AC14037009430E2 /* PBXContainerItemProxy */ = {
			isa = PBXContainerItemProxy;
			containerPortal = 91E2ADF71AC14037009430E2 /* Project object */;
			proxyType = 1;
			remoteGlobalIDString = 91E2ADFE1AC14037009430E2;
			remoteInfo = TACTableViewMenuControllerExample;
		};
/* End PBXContainerItemProxy section */

/* Begin PBXFileReference section */
		9172FC051AC141BC002E5375 /* AppDelegate.h */ = {isa = PBXFileReference; fileEncoding = 4; lastKnownFileType = sourcecode.c.h; name = AppDelegate.h; path = Classes/AppDelegate.h; sourceTree = "<group>"; };
		9172FC061AC141BC002E5375 /* AppDelegate.m */ = {isa = PBXFileReference; fileEncoding = 4; lastKnownFileType = sourcecode.c.objc; name = AppDelegate.m; path = Classes/AppDelegate.m; sourceTree = "<group>"; };
		9172FC071AC141BC002E5375 /* ViewController.h */ = {isa = PBXFileReference; fileEncoding = 4; lastKnownFileType = sourcecode.c.h; name = ViewController.h; path = Classes/ViewController.h; sourceTree = "<group>"; };
		9172FC081AC141BC002E5375 /* ViewController.m */ = {isa = PBXFileReference; fileEncoding = 4; lastKnownFileType = sourcecode.c.objc; name = ViewController.m; path = Classes/ViewController.m; sourceTree = "<group>"; };
		9172FC131AC14305002E5375 /* mc_bottom@2x.png */ = {isa = PBXFileReference; lastKnownFileType = image.png; path = "mc_bottom@2x.png"; sourceTree = "<group>"; };
		9172FC141AC14305002E5375 /* mc_down@2x.png */ = {isa = PBXFileReference; lastKnownFileType = image.png; path = "mc_down@2x.png"; sourceTree = "<group>"; };
		9172FC161AC14305002E5375 /* mc_top@2x.png */ = {isa = PBXFileReference; lastKnownFileType = image.png; path = "mc_top@2x.png"; sourceTree = "<group>"; };
		9172FC171AC14305002E5375 /* mc_up@2x.png */ = {isa = PBXFileReference; lastKnownFileType = image.png; path = "mc_up@2x.png"; sourceTree = "<group>"; };
		9172FC1E1AC1435B002E5375 /* TACTableViewMenuController.h */ = {isa = PBXFileReference; fileEncoding = 4; lastKnownFileType = sourcecode.c.h; path = TACTableViewMenuController.h; sourceTree = "<group>"; };
		9172FC1F1AC1435B002E5375 /* TACTableViewMenuController.m */ = {isa = PBXFileReference; fileEncoding = 4; lastKnownFileType = sourcecode.c.objc; path = TACTableViewMenuController.m; sourceTree = "<group>"; };
		9172FC221AC152F3002E5375 /* TACTableView.h */ = {isa = PBXFileReference; fileEncoding = 4; lastKnownFileType = sourcecode.c.h; name = TACTableView.h; path = Classes/TACTableView.h; sourceTree = "<group>"; };
		9172FC231AC152F3002E5375 /* TACTableView.m */ = {isa = PBXFileReference; fileEncoding = 4; lastKnownFileType = sourcecode.c.objc; name = TACTableView.m; path = Classes/TACTableView.m; sourceTree = "<group>"; };
		9172FC251AC15306002E5375 /* TACTableViewCell.h */ = {isa = PBXFileReference; fileEncoding = 4; lastKnownFileType = sourcecode.c.h; name = TACTableViewCell.h; path = Classes/TACTableViewCell.h; sourceTree = "<group>"; };
		9172FC261AC15306002E5375 /* TACTableViewCell.m */ = {isa = PBXFileReference; fileEncoding = 4; lastKnownFileType = sourcecode.c.objc; name = TACTableViewCell.m; path = Classes/TACTableViewCell.m; sourceTree = "<group>"; };
		9172FC281AC157FF002E5375 /* mc_more@2x.png */ = {isa = PBXFileReference; lastKnownFileType = image.png; path = "mc_more@2x.png"; sourceTree = "<group>"; };
		91E2ADFF1AC14037009430E2 /* TACTableViewMenuControllerExample.app */ = {isa = PBXFileReference; explicitFileType = wrapper.application; includeInIndex = 0; path = TACTableViewMenuControllerExample.app; sourceTree = BUILT_PRODUCTS_DIR; };
		91E2AE031AC14037009430E2 /* Info.plist */ = {isa = PBXFileReference; lastKnownFileType = text.plist.xml; path = Info.plist; sourceTree = "<group>"; };
		91E2AE041AC14037009430E2 /* main.m */ = {isa = PBXFileReference; lastKnownFileType = sourcecode.c.objc; path = main.m; sourceTree = "<group>"; };
		91E2AE0D1AC14037009430E2 /* Base */ = {isa = PBXFileReference; lastKnownFileType = file.storyboard; name = Base; path = Base.lproj/Main.storyboard; sourceTree = "<group>"; };
		91E2AE0F1AC14037009430E2 /* Images.xcassets */ = {isa = PBXFileReference; lastKnownFileType = folder.assetcatalog; path = Images.xcassets; sourceTree = "<group>"; };
		91E2AE121AC14037009430E2 /* Base */ = {isa = PBXFileReference; lastKnownFileType = file.xib; name = Base; path = Base.lproj/LaunchScreen.xib; sourceTree = "<group>"; };
		91E2AE181AC14037009430E2 /* TACTableViewMenuControllerExampleTests.xctest */ = {isa = PBXFileReference; explicitFileType = wrapper.cfbundle; includeInIndex = 0; path = TACTableViewMenuControllerExampleTests.xctest; sourceTree = BUILT_PRODUCTS_DIR; };
		91E2AE1D1AC14037009430E2 /* Info.plist */ = {isa = PBXFileReference; lastKnownFileType = text.plist.xml; path = Info.plist; sourceTree = "<group>"; };
		91E2AE1E1AC14037009430E2 /* TACTableViewMenuControllerExampleTests.m */ = {isa = PBXFileReference; lastKnownFileType = sourcecode.c.objc; path = TACTableViewMenuControllerExampleTests.m; sourceTree = "<group>"; };
/* End PBXFileReference section */

/* Begin PBXFrameworksBuildPhase section */
		91E2ADFC1AC14037009430E2 /* Frameworks */ = {
			isa = PBXFrameworksBuildPhase;
			buildActionMask = 2147483647;
			files = (
			);
			runOnlyForDeploymentPostprocessing = 0;
		};
		91E2AE151AC14037009430E2 /* Frameworks */ = {
			isa = PBXFrameworksBuildPhase;
			buildActionMask = 2147483647;
			files = (
			);
			runOnlyForDeploymentPostprocessing = 0;
		};
/* End PBXFrameworksBuildPhase section */

/* Begin PBXGroup section */
		9172FC0C1AC142D9002E5375 /* Library */ = {
			isa = PBXGroup;
			children = (
				9172FC0D1AC14305002E5375 /* TACTableViewMenuController */,
			);
			name = Library;
			path = TACTableViewMenuControllerExample;
			sourceTree = "<group>";
		};
		9172FC0D1AC14305002E5375 /* TACTableViewMenuController */ = {
			isa = PBXGroup;
			children = (
				9172FC0E1AC14305002E5375 /* Classes */,
				9172FC111AC14305002E5375 /* Resource */,
			);
			name = TACTableViewMenuController;
			path = ../../TACTableViewMenuController;
			sourceTree = "<group>";
		};
		9172FC0E1AC14305002E5375 /* Classes */ = {
			isa = PBXGroup;
			children = (
				9172FC1E1AC1435B002E5375 /* TACTableViewMenuController.h */,
				9172FC1F1AC1435B002E5375 /* TACTableViewMenuController.m */,
			);
			path = Classes;
			sourceTree = "<group>";
		};
		9172FC111AC14305002E5375 /* Resource */ = {
			isa = PBXGroup;
			children = (
				9172FC121AC14305002E5375 /* Images */,
			);
			path = Resource;
			sourceTree = "<group>";
		};
		9172FC121AC14305002E5375 /* Images */ = {
			isa = PBXGroup;
			children = (
				9172FC131AC14305002E5375 /* mc_bottom@2x.png */,
				9172FC141AC14305002E5375 /* mc_down@2x.png */,
				9172FC281AC157FF002E5375 /* mc_more@2x.png */,
				9172FC161AC14305002E5375 /* mc_top@2x.png */,
				9172FC171AC14305002E5375 /* mc_up@2x.png */,
			);
			path = Images;
			sourceTree = "<group>";
		};
		91E2ADF61AC14037009430E2 = {
			isa = PBXGroup;
			children = (
				91E2AE011AC14037009430E2 /* TACTableViewMenuControllerExample */,
				91E2AE1B1AC14037009430E2 /* TACTableViewMenuControllerExampleTests */,
				9172FC0C1AC142D9002E5375 /* Library */,
				91E2AE001AC14037009430E2 /* Products */,
			);
			sourceTree = "<group>";
		};
		91E2AE001AC14037009430E2 /* Products */ = {
			isa = PBXGroup;
			children = (
				91E2ADFF1AC14037009430E2 /* TACTableViewMenuControllerExample.app */,
				91E2AE181AC14037009430E2 /* TACTableViewMenuControllerExampleTests.xctest */,
			);
			name = Products;
			sourceTree = "<group>";
		};
		91E2AE011AC14037009430E2 /* TACTableViewMenuControllerExample */ = {
			isa = PBXGroup;
			children = (
				9172FC051AC141BC002E5375 /* AppDelegate.h */,
				9172FC061AC141BC002E5375 /* AppDelegate.m */,
				9172FC071AC141BC002E5375 /* ViewController.h */,
				9172FC081AC141BC002E5375 /* ViewController.m */,
				9172FC221AC152F3002E5375 /* TACTableView.h */,
				9172FC231AC152F3002E5375 /* TACTableView.m */,
				9172FC251AC15306002E5375 /* TACTableViewCell.h */,
				9172FC261AC15306002E5375 /* TACTableViewCell.m */,
				91E2AE0C1AC14037009430E2 /* Main.storyboard */,
				91E2AE0F1AC14037009430E2 /* Images.xcassets */,
				91E2AE111AC14037009430E2 /* LaunchScreen.xib */,
				91E2AE021AC14037009430E2 /* Supporting Files */,
			);
			path = TACTableViewMenuControllerExample;
			sourceTree = "<group>";
		};
		91E2AE021AC14037009430E2 /* Supporting Files */ = {
			isa = PBXGroup;
			children = (
				91E2AE031AC14037009430E2 /* Info.plist */,
				91E2AE041AC14037009430E2 /* main.m */,
			);
			name = "Supporting Files";
			sourceTree = "<group>";
		};
		91E2AE1B1AC14037009430E2 /* TACTableViewMenuControllerExampleTests */ = {
			isa = PBXGroup;
			children = (
				91E2AE1E1AC14037009430E2 /* TACTableViewMenuControllerExampleTests.m */,
				91E2AE1C1AC14037009430E2 /* Supporting Files */,
			);
			path = TACTableViewMenuControllerExampleTests;
			sourceTree = "<group>";
		};
		91E2AE1C1AC14037009430E2 /* Supporting Files */ = {
			isa = PBXGroup;
			children = (
				91E2AE1D1AC14037009430E2 /* Info.plist */,
			);
			name = "Supporting Files";
			sourceTree = "<group>";
		};
/* End PBXGroup section */

/* Begin PBXNativeTarget section */
		91E2ADFE1AC14037009430E2 /* TACTableViewMenuControllerExample */ = {
			isa = PBXNativeTarget;
			buildConfigurationList = 91E2AE221AC14037009430E2 /* Build configuration list for PBXNativeTarget "TACTableViewMenuControllerExample" */;
			buildPhases = (
				91E2ADFB1AC14037009430E2 /* Sources */,
				91E2ADFC1AC14037009430E2 /* Frameworks */,
				91E2ADFD1AC14037009430E2 /* Resources */,
			);
			buildRules = (
			);
			dependencies = (
			);
			name = TACTableViewMenuControllerExample;
			productName = TACTableViewMenuControllerExample;
			productReference = 91E2ADFF1AC14037009430E2 /* TACTableViewMenuControllerExample.app */;
			productType = "com.apple.product-type.application";
		};
		91E2AE171AC14037009430E2 /* TACTableViewMenuControllerExampleTests */ = {
			isa = PBXNativeTarget;
			buildConfigurationList = 91E2AE251AC14037009430E2 /* Build configuration list for PBXNativeTarget "TACTableViewMenuControllerExampleTests" */;
			buildPhases = (
				91E2AE141AC14037009430E2 /* Sources */,
				91E2AE151AC14037009430E2 /* Frameworks */,
				91E2AE161AC14037009430E2 /* Resources */,
			);
			buildRules = (
			);
			dependencies = (
				91E2AE1A1AC14037009430E2 /* PBXTargetDependency */,
			);
			name = TACTableViewMenuControllerExampleTests;
			productName = TACTableViewMenuControllerExampleTests;
			productReference = 91E2AE181AC14037009430E2 /* TACTableViewMenuControllerExampleTests.xctest */;
			productType = "com.apple.product-type.bundle.unit-test";
		};
/* End PBXNativeTarget section */

/* Begin PBXProject section */
		91E2ADF71AC14037009430E2 /* Project object */ = {
			isa = PBXProject;
			attributes = {
				LastUpgradeCheck = 0610;
				ORGANIZATIONNAME = "Tea and Coffee";
				TargetAttributes = {
					91E2ADFE1AC14037009430E2 = {
						CreatedOnToolsVersion = 6.1.1;
					};
					91E2AE171AC14037009430E2 = {
						CreatedOnToolsVersion = 6.1.1;
						TestTargetID = 91E2ADFE1AC14037009430E2;
					};
				};
			};
			buildConfigurationList = 91E2ADFA1AC14037009430E2 /* Build configuration list for PBXProject "TACTableViewMenuControllerExample" */;
			compatibilityVersion = "Xcode 3.2";
			developmentRegion = English;
			hasScannedForEncodings = 0;
			knownRegions = (
				en,
				Base,
			);
			mainGroup = 91E2ADF61AC14037009430E2;
			productRefGroup = 91E2AE001AC14037009430E2 /* Products */;
			projectDirPath = "";
			projectRoot = "";
			targets = (
				91E2ADFE1AC14037009430E2 /* TACTableViewMenuControllerExample */,
				91E2AE171AC14037009430E2 /* TACTableViewMenuControllerExampleTests */,
			);
		};
/* End PBXProject section */

/* Begin PBXResourcesBuildPhase section */
		91E2ADFD1AC14037009430E2 /* Resources */ = {
			isa = PBXResourcesBuildPhase;
			buildActionMask = 2147483647;
			files = (
				91E2AE0E1AC14037009430E2 /* Main.storyboard in Resources */,
				9172FC191AC14305002E5375 /* mc_bottom@2x.png in Resources */,
				9172FC1C1AC14305002E5375 /* mc_top@2x.png in Resources */,
				91E2AE131AC14037009430E2 /* LaunchScreen.xib in Resources */,
				9172FC1D1AC14305002E5375 /* mc_up@2x.png in Resources */,
				9172FC291AC157FF002E5375 /* mc_more@2x.png in Resources */,
				91E2AE101AC14037009430E2 /* Images.xcassets in Resources */,
				9172FC1A1AC14305002E5375 /* mc_down@2x.png in Resources */,
			);
			runOnlyForDeploymentPostprocessing = 0;
		};
		91E2AE161AC14037009430E2 /* Resources */ = {
			isa = PBXResourcesBuildPhase;
			buildActionMask = 2147483647;
			files = (
			);
			runOnlyForDeploymentPostprocessing = 0;
		};
/* End PBXResourcesBuildPhase section */

/* Begin PBXSourcesBuildPhase section */
		91E2ADFB1AC14037009430E2 /* Sources */ = {
			isa = PBXSourcesBuildPhase;
			buildActionMask = 2147483647;
			files = (
				9172FC0A1AC141BC002E5375 /* ViewController.m in Sources */,
				9172FC091AC141BC002E5375 /* AppDelegate.m in Sources */,
				9172FC201AC1435B002E5375 /* TACTableViewMenuController.m in Sources */,
				91E2AE051AC14037009430E2 /* main.m in Sources */,
				9172FC271AC15306002E5375 /* TACTableViewCell.m in Sources */,
				9172FC241AC152F3002E5375 /* TACTableView.m in Sources */,
			);
			runOnlyForDeploymentPostprocessing = 0;
		};
		91E2AE141AC14037009430E2 /* Sources */ = {
			isa = PBXSourcesBuildPhase;
			buildActionMask = 2147483647;
			files = (
				91E2AE1F1AC14037009430E2 /* TACTableViewMenuControllerExampleTests.m in Sources */,
			);
			runOnlyForDeploymentPostprocessing = 0;
		};
/* End PBXSourcesBuildPhase section */

/* Begin PBXTargetDependency section */
		91E2AE1A1AC14037009430E2 /* PBXTargetDependency */ = {
			isa = PBXTargetDependency;
			target = 91E2ADFE1AC14037009430E2 /* TACTableViewMenuControllerExample */;
			targetProxy = 91E2AE191AC14037009430E2 /* PBXContainerItemProxy */;
		};
/* End PBXTargetDependency section */

/* Begin PBXVariantGroup section */
		91E2AE0C1AC14037009430E2 /* Main.storyboard */ = {
			isa = PBXVariantGroup;
			children = (
				91E2AE0D1AC14037009430E2 /* Base */,
			);
			name = Main.storyboard;
			sourceTree = "<group>";
		};
		91E2AE111AC14037009430E2 /* LaunchScreen.xib */ = {
			isa = PBXVariantGroup;
			children = (
				91E2AE121AC14037009430E2 /* Base */,
			);
			name = LaunchScreen.xib;
			sourceTree = "<group>";
		};
/* End PBXVariantGroup section */

/* Begin XCBuildConfiguration section */
		91E2AE201AC14037009430E2 /* Debug */ = {
			isa = XCBuildConfiguration;
			buildSettings = {
				ALWAYS_SEARCH_USER_PATHS = NO;
				CLANG_CXX_LANGUAGE_STANDARD = "gnu++0x";
				CLANG_CXX_LIBRARY = "libc++";
				CLANG_ENABLE_MODULES = YES;
				CLANG_ENABLE_OBJC_ARC = YES;
				CLANG_WARN_BOOL_CONVERSION = YES;
				CLANG_WARN_CONSTANT_CONVERSION = YES;
				CLANG_WARN_DIRECT_OBJC_ISA_USAGE = YES_ERROR;
				CLANG_WARN_EMPTY_BODY = YES;
				CLANG_WARN_ENUM_CONVERSION = YES;
				CLANG_WARN_INT_CONVERSION = YES;
				CLANG_WARN_OBJC_ROOT_CLASS = YES_ERROR;
				CLANG_WARN_UNREACHABLE_CODE = YES;
				CLANG_WARN__DUPLICATE_METHOD_MATCH = YES;
				"CODE_SIGN_IDENTITY[sdk=iphoneos*]" = "iPhone Developer";
				COPY_PHASE_STRIP = NO;
				ENABLE_STRICT_OBJC_MSGSEND = YES;
				GCC_C_LANGUAGE_STANDARD = gnu99;
				GCC_DYNAMIC_NO_PIC = NO;
				GCC_OPTIMIZATION_LEVEL = 0;
				GCC_PREPROCESSOR_DEFINITIONS = (
					"DEBUG=1",
					"$(inherited)",
				);
				GCC_SYMBOLS_PRIVATE_EXTERN = NO;
				GCC_WARN_64_TO_32_BIT_CONVERSION = YES;
				GCC_WARN_ABOUT_RETURN_TYPE = YES_ERROR;
				GCC_WARN_UNDECLARED_SELECTOR = YES;
				GCC_WARN_UNINITIALIZED_AUTOS = YES_AGGRESSIVE;
				GCC_WARN_UNUSED_FUNCTION = YES;
				GCC_WARN_UNUSED_VARIABLE = YES;
				IPHONEOS_DEPLOYMENT_TARGET = 8.1;
				MTL_ENABLE_DEBUG_INFO = YES;
				ONLY_ACTIVE_ARCH = YES;
				SDKROOT = iphoneos;
				TARGETED_DEVICE_FAMILY = "1,2";
			};
			name = Debug;
		};
		91E2AE211AC14037009430E2 /* Release */ = {
			isa = XCBuildConfiguration;
			buildSettings = {
				ALWAYS_SEARCH_USER_PATHS = NO;
				CLANG_CXX_LANGUAGE_STANDARD = "gnu++0x";
				CLANG_CXX_LIBRARY = "libc++";
				CLANG_ENABLE_MODULES = YES;
				CLANG_ENABLE_OBJC_ARC = YES;
				CLANG_WARN_BOOL_CONVERSION = YES;
				CLANG_WARN_CONSTANT_CONVERSION = YES;
				CLANG_WARN_DIRECT_OBJC_ISA_USAGE = YES_ERROR;
				CLANG_WARN_EMPTY_BODY = YES;
				CLANG_WARN_ENUM_CONVERSION = YES;
				CLANG_WARN_INT_CONVERSION = YES;
				CLANG_WARN_OBJC_ROOT_CLASS = YES_ERROR;
				CLANG_WARN_UNREACHABLE_CODE = YES;
				CLANG_WARN__DUPLICATE_METHOD_MATCH = YES;
				"CODE_SIGN_IDENTITY[sdk=iphoneos*]" = "iPhone Developer";
				COPY_PHASE_STRIP = YES;
				ENABLE_NS_ASSERTIONS = NO;
				ENABLE_STRICT_OBJC_MSGSEND = YES;
				GCC_C_LANGUAGE_STANDARD = gnu99;
				GCC_WARN_64_TO_32_BIT_CONVERSION = YES;
				GCC_WARN_ABOUT_RETURN_TYPE = YES_ERROR;
				GCC_WARN_UNDECLARED_SELECTOR = YES;
				GCC_WARN_UNINITIALIZED_AUTOS = YES_AGGRESSIVE;
				GCC_WARN_UNUSED_FUNCTION = YES;
				GCC_WARN_UNUSED_VARIABLE = YES;
				IPHONEOS_DEPLOYMENT_TARGET = 8.1;
				MTL_ENABLE_DEBUG_INFO = NO;
				SDKROOT = iphoneos;
				TARGETED_DEVICE_FAMILY = "1,2";
				VALIDATE_PRODUCT = YES;
			};
			name = Release;
		};
		91E2AE231AC14037009430E2 /* Debug */ = {
			isa = XCBuildConfiguration;
			buildSettings = {
				ASSETCATALOG_COMPILER_APPICON_NAME = AppIcon;
				INFOPLIST_FILE = TACTableViewMenuControllerExample/Info.plist;
				LD_RUNPATH_SEARCH_PATHS = "$(inherited) @executable_path/Frameworks";
				PRODUCT_NAME = "$(TARGET_NAME)";
			};
			name = Debug;
		};
		91E2AE241AC14037009430E2 /* Release */ = {
			isa = XCBuildConfiguration;
			buildSettings = {
				ASSETCATALOG_COMPILER_APPICON_NAME = AppIcon;
				INFOPLIST_FILE = TACTableViewMenuControllerExample/Info.plist;
				LD_RUNPATH_SEARCH_PATHS = "$(inherited) @executable_path/Frameworks";
				PRODUCT_NAME = "$(TARGET_NAME)";
			};
			name = Release;
		};
		91E2AE261AC14037009430E2 /* Debug */ = {
			isa = XCBuildConfiguration;
			buildSettings = {
				BUNDLE_LOADER = "$(TEST_HOST)";
				FRAMEWORK_SEARCH_PATHS = (
					"$(SDKROOT)/Developer/Library/Frameworks",
					"$(inherited)",
				);
				GCC_PREPROCESSOR_DEFINITIONS = (
					"DEBUG=1",
					"$(inherited)",
				);
				INFOPLIST_FILE = TACTableViewMenuControllerExampleTests/Info.plist;
				LD_RUNPATH_SEARCH_PATHS = "$(inherited) @executable_path/Frameworks @loader_path/Frameworks";
				PRODUCT_NAME = "$(TARGET_NAME)";
				TEST_HOST = "$(BUILT_PRODUCTS_DIR)/TACTableViewMenuControllerExample.app/TACTableViewMenuControllerExample";
			};
			name = Debug;
		};
		91E2AE271AC14037009430E2 /* Release */ = {
			isa = XCBuildConfiguration;
			buildSettings = {
				BUNDLE_LOADER = "$(TEST_HOST)";
				FRAMEWORK_SEARCH_PATHS = (
					"$(SDKROOT)/Developer/Library/Frameworks",
					"$(inherited)",
				);
				INFOPLIST_FILE = TACTableViewMenuControllerExampleTests/Info.plist;
				LD_RUNPATH_SEARCH_PATHS = "$(inherited) @executable_path/Frameworks @loader_path/Frameworks";
				PRODUCT_NAME = "$(TARGET_NAME)";
				TEST_HOST = "$(BUILT_PRODUCTS_DIR)/TACTableViewMenuControllerExample.app/TACTableViewMenuControllerExample";
			};
			name = Release;
		};
/* End XCBuildConfiguration section */

/* Begin XCConfigurationList section */
		91E2ADFA1AC14037009430E2 /* Build configuration list for PBXProject "TACTableViewMenuControllerExample" */ = {
			isa = XCConfigurationList;
			buildConfigurations = (
				91E2AE201AC14037009430E2 /* Debug */,
				91E2AE211AC14037009430E2 /* Release */,
			);
			defaultConfigurationIsVisible = 0;
			defaultConfigurationName = Release;
		};
		91E2AE221AC14037009430E2 /* Build configuration list for PBXNativeTarget "TACTableViewMenuControllerExample" */ = {
			isa = XCConfigurationList;
			buildConfigurations = (
				91E2AE231AC14037009430E2 /* Debug */,
				91E2AE241AC14037009430E2 /* Release */,
			);
			defaultConfigurationIsVisible = 0;
			defaultConfigurationName = Release;
		};
		91E2AE251AC14037009430E2 /* Build configuration list for PBXNativeTarget "TACTableViewMenuControllerExampleTests" */ = {
			isa = XCConfigurationList;
			buildConfigurations = (
				91E2AE261AC14037009430E2 /* Debug */,
				91E2AE271AC14037009430E2 /* Release */,
			);
			defaultConfigurationIsVisible = 0;
			defaultConfigurationName = Release;
		};
/* End XCConfigurationList section */
	};
	rootObject = 91E2ADF71AC14037009430E2 /* Project object */;
}
